
Microsoft Visual Studio Solution File, Format Version 12.00
# Visual Studio Version 17
VisualStudioVersion = 17.5.002.0
MinimumVisualStudioVersion = 10.0.40219.1
Project("{9A19103F-16F7-4668-BE54-9A1E7A4F7556}") = "Cardano.Devnet", "Cardano.Devnet.csproj", "{C3AC183A-0E5B-4348-8F85-9C2D9037F25C}"
EndProject
Global
	GlobalSection(SolutionConfigurationPlatforms) = preSolution
		Debug|Any CPU = Debug|Any CPU
		Release|Any CPU = Release|Any CPU
	EndGlobalSection
	GlobalSection(ProjectConfigurationPlatforms) = postSolution
		{C3AC183A-0E5B-4348-8F85-9C2D9037F25C}.Debug|Any CPU.ActiveCfg = Debug|Any CPU
		{C3AC183A-0E5B-4348-8F85-9C2D9037F25C}.Debug|Any CPU.Build.0 = Debug|Any CPU
		{C3AC183A-0E5B-4348-8F85-9C2D9037F25C}.Release|Any CPU.ActiveCfg = Release|Any CPU
		{C3AC183A-0E5B-4348-8F85-9C2D9037F25C}.Release|Any CPU.Build.0 = Release|Any CPU
	EndGlobalSection
	GlobalSection(SolutionProperties) = preSolution
		HideSolutionNode = FALSE
	EndGlobalSection
	GlobalSection(ExtensibilityGlobals) = postSolution
		SolutionGuid = {57CCA45F-C6FA-48A2-9DC1-6D3A798339B4}
	EndGlobalSection
EndGlobal
